
Microsoft Visual Studio Solution File, Format Version 12.00
# Visual Studio 15
VisualStudioVersion = 15.0.28010.2048
MinimumVisualStudioVersion = 10.0.40219.1
Project("{FAE04EC0-301F-11D3-BF4B-00C04F79EFBC}") = "WpfInPowerShell", "WpfInPowerShell\WpfInPowerShell.csproj", "{38C2D0D7-6563-4B6E-A73C-089E35C83E16}"
EndProject
Project("{FAE04EC0-301F-11D3-BF4B-00C04F79EFBC}") = "Toolkit", "Toolkit\Toolkit.csproj", "{5D30A2A6-7A4E-46FF-AA14-43A822B03DCE}"
EndProject
Global
	GlobalSection(SolutionConfigurationPlatforms) = preSolution
		Debug|Any CPU = Debug|Any CPU
		Release|Any CPU = Release|Any CPU
	EndGlobalSection
	GlobalSection(ProjectConfigurationPlatforms) = postSolution
		{38C2D0D7-6563-4B6E-A73C-089E35C83E16}.Debug|Any CPU.ActiveCfg = Debug|Any CPU
		{38C2D0D7-6563-4B6E-A73C-089E35C83E16}.Debug|Any CPU.Build.0 = Debug|Any CPU
		{38C2D0D7-6563-4B6E-A73C-089E35C83E16}.Release|Any CPU.ActiveCfg = Release|Any CPU
		{38C2D0D7-6563-4B6E-A73C-089E35C83E16}.Release|Any CPU.Build.0 = Release|Any CPU
		{5D30A2A6-7A4E-46FF-AA14-43A822B03DCE}.Debug|Any CPU.ActiveCfg = Debug|Any CPU
		{5D30A2A6-7A4E-46FF-AA14-43A822B03DCE}.Debug|Any CPU.Build.0 = Debug|Any CPU
		{5D30A2A6-7A4E-46FF-AA14-43A822B03DCE}.Release|Any CPU.ActiveCfg = Release|Any CPU
		{5D30A2A6-7A4E-46FF-AA14-43A822B03DCE}.Release|Any CPU.Build.0 = Release|Any CPU
	EndGlobalSection
	GlobalSection(SolutionProperties) = preSolution
		HideSolutionNode = FALSE
	EndGlobalSection
	GlobalSection(ExtensibilityGlobals) = postSolution
		SolutionGuid = {9AD90A1E-D2A3-487F-A723-4A6D5FAE097E}
	EndGlobalSection
EndGlobal
